
Microsoft Visual Studio Solution File, Format Version 12.00
# Visual Studio Version 17
VisualStudioVersion = 17.10.35122.118
MinimumVisualStudioVersion = 10.0.40219.1
Project("{FAE04EC0-301F-11D3-BF4B-00C04F79EFBC}") = "TextWineditor", "TextWineditor\TextWineditor.csproj", "{D8084A27-7959-4D55-A9AE-20F800E492DA}"
EndProject
Global
	GlobalSection(SolutionConfigurationPlatforms) = preSolution
		Debug|Any CPU = Debug|Any CPU
		Release|Any CPU = Release|Any CPU
	EndGlobalSection
	GlobalSection(ProjectConfigurationPlatforms) = postSolution
		{D8084A27-7959-4D55-A9AE-20F800E492DA}.Debug|Any CPU.ActiveCfg = Debug|Any CPU
		{D8084A27-7959-4D55-A9AE-20F800E492DA}.Debug|Any CPU.Build.0 = Debug|Any CPU
		{D8084A27-7959-4D55-A9AE-20F800E492DA}.Release|Any CPU.ActiveCfg = Release|Any CPU
		{D8084A27-7959-4D55-A9AE-20F800E492DA}.Release|Any CPU.Build.0 = Release|Any CPU
	EndGlobalSection
	GlobalSection(SolutionProperties) = preSolution
		HideSolutionNode = FALSE
	EndGlobalSection
	GlobalSection(ExtensibilityGlobals) = postSolution
		SolutionGuid = {CD3AD202-28E1-46A1-B254-1BC4400B56F1}
	EndGlobalSection
EndGlobal
